{
  "requires": true,
  "lockfileVersion": 1,
  "dependencies": {
    "http_server": {
      "version": "1.0.12",
      "resolved": "https://registry.npmjs.org/http_server/-/http_server-1.0.12.tgz",
      "integrity": "sha512-jmG+FmLajeMkZlIVgsbzeUgJ05NXUdkCpaYOYThbWVWaXoXEEQ+tE0sLYqa55W+v1lY0ATdotS65Upe9/YhHmA==",
      "requires": {
        "mime": "^1.3.6"
      }
    },
    "mime": {
      "version": "1.6.0",
      "resolved": "https://registry.npmjs.org/mime/-/mime-1.6.0.tgz",
      "integrity": "sha512-x0Vn8spI+wuJ1O6S7gnbaQg8Pxh4NNHb7KSINmEWKiPE4RKOplvijn+NkmYmmRgP68mc70j2EbeTFRsrswaQeg=="
    }
  }
}
